{
  "name": "jsvm",
  "version": "1.0.0",
  "lockfileVersion": 1,
  "requires": true,
  "dependencies": {
    "@napi-rs/triples": {
      "version": "1.0.2",
      "resolved": "https://registry.npm.taobao.org/@napi-rs/triples/download/@napi-rs/triples-1.0.2.tgz",
      "integrity": "sha1-LOTGp4VoNYdyAI9WTuUAkJPSChk="
    },
    "@node-rs/helper": {
      "version": "1.1.0",
      "resolved": "https://registry.npm.taobao.org/@node-rs/helper/download/@node-rs/helper-1.1.0.tgz",
      "integrity": "sha1-T8u+uuO4GTLR/z5DHHzTiGtQR0I=",
      "requires": {
        "@napi-rs/triples": "^1.0.2",
        "tslib": "^2.1.0"
      }
    },
    "@swc/core": {
      "version": "1.2.47",
      "resolved": "https://registry.npm.taobao.org/@swc/core/download/@swc/core-1.2.47.tgz",
      "integrity": "sha1-ov2gIdJNgCFBaPry4bmFMppMh3o=",
      "requires": {
        "@node-rs/helper": "^1.0.0",
        "@swc/core-android-arm64": "^1.2.47",
        "@swc/core-darwin-arm64": "^1.2.47",
        "@swc/core-darwin-x64": "^1.2.47",
        "@swc/core-linux-arm-gnueabihf": "^1.2.47",
        "@swc/core-linux-arm64-gnu": "^1.2.47",
        "@swc/core-linux-x64-gnu": "^1.2.47",
        "@swc/core-linux-x64-musl": "^1.2.47",
        "@swc/core-win32-ia32-msvc": "^1.2.47",
        "@swc/core-win32-x64-msvc": "^1.2.47"
      }
    },
    "@swc/core-android-arm64": {
      "version": "1.2.47",
      "resolved": "https://registry.npm.taobao.org/@swc/core-android-arm64/download/@swc/core-android-arm64-1.2.47.tgz",
      "integrity": "sha1-VUEGyEnqookE9/mOTOwEE9cmQqE=",
      "optional": true
    },
    "@swc/core-darwin-arm64": {
      "version": "1.2.47",
      "resolved": "https://registry.npm.taobao.org/@swc/core-darwin-arm64/download/@swc/core-darwin-arm64-1.2.47.tgz",
      "integrity": "sha1-suPlKXspUJF5ij0iRof6qHf9JRw=",
      "optional": true
    },
    "@swc/core-darwin-x64": {
      "version": "1.2.47",
      "resolved": "https://registry.npm.taobao.org/@swc/core-darwin-x64/download/@swc/core-darwin-x64-1.2.47.tgz",
      "integrity": "sha1-Do856Zrafd5uz7p0F4BXQ9O6mHw=",
      "optional": true
    },
    "@swc/core-linux-arm-gnueabihf": {
      "version": "1.2.47",
      "resolved": "https://registry.npm.taobao.org/@swc/core-linux-arm-gnueabihf/download/@swc/core-linux-arm-gnueabihf-1.2.47.tgz",
      "integrity": "sha1-hd/mjzUKt6w/Nrs0RRPbmuNxWFg=",
      "optional": true
    },
    "@swc/core-linux-arm64-gnu": {
      "version": "1.2.47",
      "resolved": "https://registry.npm.taobao.org/@swc/core-linux-arm64-gnu/download/@swc/core-linux-arm64-gnu-1.2.47.tgz",
      "integrity": "sha1-gu46T+ql4/606AZTf8F4S7Aelzw=",
      "optional": true
    },
    "@swc/core-linux-x64-gnu": {
      "version": "1.2.47",
      "resolved": "https://registry.npm.taobao.org/@swc/core-linux-x64-gnu/download/@swc/core-linux-x64-gnu-1.2.47.tgz",
      "integrity": "sha1-emzr2F8avQJYNDiZ/tcc+zLgv0g=",
      "optional": true
    },
    "@swc/core-linux-x64-musl": {
      "version": "1.2.47",
      "resolved": "https://registry.npm.taobao.org/@swc/core-linux-x64-musl/download/@swc/core-linux-x64-musl-1.2.47.tgz",
      "integrity": "sha1-WO0T1PHVg4VtH6O/PcMoH7kMYUo=",
      "optional": true
    },
    "@swc/core-win32-ia32-msvc": {
      "version": "1.2.47",
      "resolved": "https://registry.npm.taobao.org/@swc/core-win32-ia32-msvc/download/@swc/core-win32-ia32-msvc-1.2.47.tgz",
      "integrity": "sha1-i4/eu5G6skoSMVg9EaYpf5Qncdo=",
      "optional": true
    },
    "@swc/core-win32-x64-msvc": {
      "version": "1.2.47",
      "resolved": "https://registry.npm.taobao.org/@swc/core-win32-x64-msvc/download/@swc/core-win32-x64-msvc-1.2.47.tgz",
      "integrity": "sha1-wUS+BBAuTgV1oOcYmydximYO4MU=",
      "optional": true
    },
    "tslib": {
      "version": "2.1.0",
      "resolved": "https://registry.npm.taobao.org/tslib/download/tslib-2.1.0.tgz?cache=0&sync_timestamp=1609887446826&other_urls=https%3A%2F%2Fregistry.npm.taobao.org%2Ftslib%2Fdownload%2Ftslib-2.1.0.tgz",
      "integrity": "sha1-2mCGDxwuyqVwOrfTm8Bba/mIuXo="
    }
  }
}
